// !$*UTF8*$!
{
	archiveVersion = 1;
	classes = {
	};
	objectVersion = 51;
	objects = {

/* Begin PBXBuildFile section */
		48D209350E7E2F0E50BE7F66 /* Pods_WheatherAppFactory.framework in Frameworks */ = {isa = PBXBuildFile; fileRef = 07CE554DA8D5DF4653E0A518 /* Pods_WheatherAppFactory.framework */; };
		95EA4967BEF5BC2D77ED3E2A /* Pods_WheatherAppFactoryTests.framework in Frameworks */ = {isa = PBXBuildFile; fileRef = 8AFBA8B7DC768CB52903B8E2 /* Pods_WheatherAppFactoryTests.framework */; };
		F0B3410C2327B95C0083FA5A /* AppCoordinator.swift in Sources */ = {isa = PBXBuildFile; fileRef = F0B3410B2327B95C0083FA5A /* AppCoordinator.swift */; };
		F0B3410E2327B9750083FA5A /* Coordinator.swift in Sources */ = {isa = PBXBuildFile; fileRef = F0B3410D2327B9750083FA5A /* Coordinator.swift */; };
		F0EF432C2327B6F800D2D1F7 /* AppDelegate.swift in Sources */ = {isa = PBXBuildFile; fileRef = F0EF432B2327B6F800D2D1F7 /* AppDelegate.swift */; };
		F0EF432E2327B6F800D2D1F7 /* ViewController.swift in Sources */ = {isa = PBXBuildFile; fileRef = F0EF432D2327B6F800D2D1F7 /* ViewController.swift */; };
		F0EF43332327B6F900D2D1F7 /* Assets.xcassets in Resources */ = {isa = PBXBuildFile; fileRef = F0EF43322327B6F900D2D1F7 /* Assets.xcassets */; };
		F0EF43362327B6F900D2D1F7 /* LaunchScreen.storyboard in Resources */ = {isa = PBXBuildFile; fileRef = F0EF43342327B6F900D2D1F7 /* LaunchScreen.storyboard */; };
		F0EF43412327B6F900D2D1F7 /* WheatherAppFactoryTests.swift in Sources */ = {isa = PBXBuildFile; fileRef = F0EF43402327B6F900D2D1F7 /* WheatherAppFactoryTests.swift */; };
		F0EF434C2327B6F900D2D1F7 /* WheatherAppFactoryUITests.swift in Sources */ = {isa = PBXBuildFile; fileRef = F0EF434B2327B6F900D2D1F7 /* WheatherAppFactoryUITests.swift */; };
/* End PBXBuildFile section */

/* Begin PBXContainerItemProxy section */
		F0EF433D2327B6F900D2D1F7 /* PBXContainerItemProxy */ = {
			isa = PBXContainerItemProxy;
			containerPortal = F0EF43202327B6F800D2D1F7 /* Project object */;
			proxyType = 1;
			remoteGlobalIDString = F0EF43272327B6F800D2D1F7;
			remoteInfo = WheatherAppFactory;
		};
		F0EF43482327B6F900D2D1F7 /* PBXContainerItemProxy */ = {
			isa = PBXContainerItemProxy;
			containerPortal = F0EF43202327B6F800D2D1F7 /* Project object */;
			proxyType = 1;
			remoteGlobalIDString = F0EF43272327B6F800D2D1F7;
			remoteInfo = WheatherAppFactory;
		};
/* End PBXContainerItemProxy section */

/* Begin PBXFileReference section */
		07CE554DA8D5DF4653E0A518 /* Pods_WheatherAppFactory.framework */ = {isa = PBXFileReference; explicitFileType = wrapper.framework; includeInIndex = 0; path = Pods_WheatherAppFactory.framework; sourceTree = BUILT_PRODUCTS_DIR; };
		26D825920250E744A11D78D3 /* Pods-WheatherAppFactory.release.xcconfig */ = {isa = PBXFileReference; includeInIndex = 1; lastKnownFileType = text.xcconfig; name = "Pods-WheatherAppFactory.release.xcconfig"; path = "Target Support Files/Pods-WheatherAppFactory/Pods-WheatherAppFactory.release.xcconfig"; sourceTree = "<group>"; };
		37A29F485F3EC80706E909AD /* Pods-WheatherAppFactoryTests.debug.xcconfig */ = {isa = PBXFileReference; includeInIndex = 1; lastKnownFileType = text.xcconfig; name = "Pods-WheatherAppFactoryTests.debug.xcconfig"; path = "Target Support Files/Pods-WheatherAppFactoryTests/Pods-WheatherAppFactoryTests.debug.xcconfig"; sourceTree = "<group>"; };
		3D2ECB94DBE0166A32C5BCCB /* Pods-WheatherAppFactoryTests.release.xcconfig */ = {isa = PBXFileReference; includeInIndex = 1; lastKnownFileType = text.xcconfig; name = "Pods-WheatherAppFactoryTests.release.xcconfig"; path = "Target Support Files/Pods-WheatherAppFactoryTests/Pods-WheatherAppFactoryTests.release.xcconfig"; sourceTree = "<group>"; };
		50E2D66C2814E5AB66B93023 /* Pods-WheatherAppFactory.debug.xcconfig */ = {isa = PBXFileReference; includeInIndex = 1; lastKnownFileType = text.xcconfig; name = "Pods-WheatherAppFactory.debug.xcconfig"; path = "Target Support Files/Pods-WheatherAppFactory/Pods-WheatherAppFactory.debug.xcconfig"; sourceTree = "<group>"; };
		8AFBA8B7DC768CB52903B8E2 /* Pods_WheatherAppFactoryTests.framework */ = {isa = PBXFileReference; explicitFileType = wrapper.framework; includeInIndex = 0; path = Pods_WheatherAppFactoryTests.framework; sourceTree = BUILT_PRODUCTS_DIR; };
		F0B3410B2327B95C0083FA5A /* AppCoordinator.swift */ = {isa = PBXFileReference; lastKnownFileType = sourcecode.swift; path = AppCoordinator.swift; sourceTree = "<group>"; };
		F0B3410D2327B9750083FA5A /* Coordinator.swift */ = {isa = PBXFileReference; lastKnownFileType = sourcecode.swift; path = Coordinator.swift; sourceTree = "<group>"; };
		F0EF43282327B6F800D2D1F7 /* WheatherAppFactory.app */ = {isa = PBXFileReference; explicitFileType = wrapper.application; includeInIndex = 0; path = WheatherAppFactory.app; sourceTree = BUILT_PRODUCTS_DIR; };
		F0EF432B2327B6F800D2D1F7 /* AppDelegate.swift */ = {isa = PBXFileReference; lastKnownFileType = sourcecode.swift; path = AppDelegate.swift; sourceTree = "<group>"; };
		F0EF432D2327B6F800D2D1F7 /* ViewController.swift */ = {isa = PBXFileReference; lastKnownFileType = sourcecode.swift; path = ViewController.swift; sourceTree = "<group>"; };
		F0EF43322327B6F900D2D1F7 /* Assets.xcassets */ = {isa = PBXFileReference; lastKnownFileType = folder.assetcatalog; path = Assets.xcassets; sourceTree = "<group>"; };
		F0EF43352327B6F900D2D1F7 /* Base */ = {isa = PBXFileReference; lastKnownFileType = file.storyboard; name = Base; path = Base.lproj/LaunchScreen.storyboard; sourceTree = "<group>"; };
		F0EF43372327B6F900D2D1F7 /* Info.plist */ = {isa = PBXFileReference; lastKnownFileType = text.plist.xml; path = Info.plist; sourceTree = "<group>"; };
		F0EF433C2327B6F900D2D1F7 /* WheatherAppFactoryTests.xctest */ = {isa = PBXFileReference; explicitFileType = wrapper.cfbundle; includeInIndex = 0; path = WheatherAppFactoryTests.xctest; sourceTree = BUILT_PRODUCTS_DIR; };
		F0EF43402327B6F900D2D1F7 /* WheatherAppFactoryTests.swift */ = {isa = PBXFileReference; lastKnownFileType = sourcecode.swift; path = WheatherAppFactoryTests.swift; sourceTree = "<group>"; };
		F0EF43422327B6F900D2D1F7 /* Info.plist */ = {isa = PBXFileReference; lastKnownFileType = text.plist.xml; path = Info.plist; sourceTree = "<group>"; };
		F0EF43472327B6F900D2D1F7 /* WheatherAppFactoryUITests.xctest */ = {isa = PBXFileReference; explicitFileType = wrapper.cfbundle; includeInIndex = 0; path = WheatherAppFactoryUITests.xctest; sourceTree = BUILT_PRODUCTS_DIR; };
		F0EF434B2327B6F900D2D1F7 /* WheatherAppFactoryUITests.swift */ = {isa = PBXFileReference; lastKnownFileType = sourcecode.swift; path = WheatherAppFactoryUITests.swift; sourceTree = "<group>"; };
		F0EF434D2327B6F900D2D1F7 /* Info.plist */ = {isa = PBXFileReference; lastKnownFileType = text.plist.xml; path = Info.plist; sourceTree = "<group>"; };
/* End PBXFileReference section */

/* Begin PBXFrameworksBuildPhase section */
		F0EF43252327B6F800D2D1F7 /* Frameworks */ = {
			isa = PBXFrameworksBuildPhase;
			buildActionMask = 2147483647;
			files = (
				48D209350E7E2F0E50BE7F66 /* Pods_WheatherAppFactory.framework in Frameworks */,
			);
			runOnlyForDeploymentPostprocessing = 0;
		};
		F0EF43392327B6F900D2D1F7 /* Frameworks */ = {
			isa = PBXFrameworksBuildPhase;
			buildActionMask = 2147483647;
			files = (
				95EA4967BEF5BC2D77ED3E2A /* Pods_WheatherAppFactoryTests.framework in Frameworks */,
			);
			runOnlyForDeploymentPostprocessing = 0;
		};
		F0EF43442327B6F900D2D1F7 /* Frameworks */ = {
			isa = PBXFrameworksBuildPhase;
			buildActionMask = 2147483647;
			files = (
			);
			runOnlyForDeploymentPostprocessing = 0;
		};
/* End PBXFrameworksBuildPhase section */

/* Begin PBXGroup section */
		492C7A814D8565B9B95921B5 /* Pods */ = {
			isa = PBXGroup;
			children = (
				50E2D66C2814E5AB66B93023 /* Pods-WheatherAppFactory.debug.xcconfig */,
				26D825920250E744A11D78D3 /* Pods-WheatherAppFactory.release.xcconfig */,
				37A29F485F3EC80706E909AD /* Pods-WheatherAppFactoryTests.debug.xcconfig */,
				3D2ECB94DBE0166A32C5BCCB /* Pods-WheatherAppFactoryTests.release.xcconfig */,
			);
			path = Pods;
			sourceTree = "<group>";
		};
		68A507F4B52A90EAD60E8C96 /* Frameworks */ = {
			isa = PBXGroup;
			children = (
				07CE554DA8D5DF4653E0A518 /* Pods_WheatherAppFactory.framework */,
				8AFBA8B7DC768CB52903B8E2 /* Pods_WheatherAppFactoryTests.framework */,
			);
			name = Frameworks;
			sourceTree = "<group>";
		};
		F0EF431F2327B6F800D2D1F7 = {
			isa = PBXGroup;
			children = (
				F0EF432A2327B6F800D2D1F7 /* WheatherAppFactory */,
				F0EF433F2327B6F900D2D1F7 /* WheatherAppFactoryTests */,
				F0EF434A2327B6F900D2D1F7 /* WheatherAppFactoryUITests */,
				F0EF43292327B6F800D2D1F7 /* Products */,
				492C7A814D8565B9B95921B5 /* Pods */,
				68A507F4B52A90EAD60E8C96 /* Frameworks */,
			);
			sourceTree = "<group>";
		};
		F0EF43292327B6F800D2D1F7 /* Products */ = {
			isa = PBXGroup;
			children = (
				F0EF43282327B6F800D2D1F7 /* WheatherAppFactory.app */,
				F0EF433C2327B6F900D2D1F7 /* WheatherAppFactoryTests.xctest */,
				F0EF43472327B6F900D2D1F7 /* WheatherAppFactoryUITests.xctest */,
			);
			name = Products;
			sourceTree = "<group>";
		};
		F0EF432A2327B6F800D2D1F7 /* WheatherAppFactory */ = {
			isa = PBXGroup;
			children = (
				F0EF432B2327B6F800D2D1F7 /* AppDelegate.swift */,
				F0EF432D2327B6F800D2D1F7 /* ViewController.swift */,
				F0B3410D2327B9750083FA5A /* Coordinator.swift */,
				F0B3410B2327B95C0083FA5A /* AppCoordinator.swift */,
				F0EF43322327B6F900D2D1F7 /* Assets.xcassets */,
				F0EF43342327B6F900D2D1F7 /* LaunchScreen.storyboard */,
				F0EF43372327B6F900D2D1F7 /* Info.plist */,
			);
			path = WheatherAppFactory;
			sourceTree = "<group>";
		};
		F0EF433F2327B6F900D2D1F7 /* WheatherAppFactoryTests */ = {
			isa = PBXGroup;
			children = (
				F0EF43402327B6F900D2D1F7 /* WheatherAppFactoryTests.swift */,
				F0EF43422327B6F900D2D1F7 /* Info.plist */,
			);
			path = WheatherAppFactoryTests;
			sourceTree = "<group>";
		};
		F0EF434A2327B6F900D2D1F7 /* WheatherAppFactoryUITests */ = {
			isa = PBXGroup;
			children = (
				F0EF434B2327B6F900D2D1F7 /* WheatherAppFactoryUITests.swift */,
				F0EF434D2327B6F900D2D1F7 /* Info.plist */,
			);
			path = WheatherAppFactoryUITests;
			sourceTree = "<group>";
		};
/* End PBXGroup section */

/* Begin PBXNativeTarget section */
		F0EF43272327B6F800D2D1F7 /* WheatherAppFactory */ = {
			isa = PBXNativeTarget;
			buildConfigurationList = F0EF43502327B6F900D2D1F7 /* Build configuration list for PBXNativeTarget "WheatherAppFactory" */;
			buildPhases = (
				414C71EF5EA8DACBFC130150 /* [CP] Check Pods Manifest.lock */,
				F0EF43242327B6F800D2D1F7 /* Sources */,
				F0EF43252327B6F800D2D1F7 /* Frameworks */,
				F0EF43262327B6F800D2D1F7 /* Resources */,
				91411FEAB6BB52A217EBD607 /* [CP] Embed Pods Frameworks */,
			);
			buildRules = (
			);
			dependencies = (
			);
			name = WheatherAppFactory;
			productName = WheatherAppFactory;
			productReference = F0EF43282327B6F800D2D1F7 /* WheatherAppFactory.app */;
			productType = "com.apple.product-type.application";
		};
		F0EF433B2327B6F900D2D1F7 /* WheatherAppFactoryTests */ = {
			isa = PBXNativeTarget;
			buildConfigurationList = F0EF43532327B6F900D2D1F7 /* Build configuration list for PBXNativeTarget "WheatherAppFactoryTests" */;
			buildPhases = (
				B61DFFFBB46CDDE2FD6892DC /* [CP] Check Pods Manifest.lock */,
				F0EF43382327B6F900D2D1F7 /* Sources */,
				F0EF43392327B6F900D2D1F7 /* Frameworks */,
				F0EF433A2327B6F900D2D1F7 /* Resources */,
				9E4EFEE6A27BF48BB78FC7E8 /* [CP] Embed Pods Frameworks */,
			);
			buildRules = (
			);
			dependencies = (
				F0EF433E2327B6F900D2D1F7 /* PBXTargetDependency */,
			);
			name = WheatherAppFactoryTests;
			productName = WheatherAppFactoryTests;
			productReference = F0EF433C2327B6F900D2D1F7 /* WheatherAppFactoryTests.xctest */;
			productType = "com.apple.product-type.bundle.unit-test";
		};
		F0EF43462327B6F900D2D1F7 /* WheatherAppFactoryUITests */ = {
			isa = PBXNativeTarget;
			buildConfigurationList = F0EF43562327B6F900D2D1F7 /* Build configuration list for PBXNativeTarget "WheatherAppFactoryUITests" */;
			buildPhases = (
				F0EF43432327B6F900D2D1F7 /* Sources */,
				F0EF43442327B6F900D2D1F7 /* Frameworks */,
				F0EF43452327B6F900D2D1F7 /* Resources */,
			);
			buildRules = (
			);
			dependencies = (
				F0EF43492327B6F900D2D1F7 /* PBXTargetDependency */,
			);
			name = WheatherAppFactoryUITests;
			productName = WheatherAppFactoryUITests;
			productReference = F0EF43472327B6F900D2D1F7 /* WheatherAppFactoryUITests.xctest */;
			productType = "com.apple.product-type.bundle.ui-testing";
		};
/* End PBXNativeTarget section */

/* Begin PBXProject section */
		F0EF43202327B6F800D2D1F7 /* Project object */ = {
			isa = PBXProject;
			attributes = {
				LastSwiftUpdateCheck = 1030;
				LastUpgradeCheck = 1030;
				ORGANIZATIONNAME = "Matej Hetzel";
				TargetAttributes = {
					F0EF43272327B6F800D2D1F7 = {
						CreatedOnToolsVersion = 10.3;
					};
					F0EF433B2327B6F900D2D1F7 = {
						CreatedOnToolsVersion = 10.3;
						TestTargetID = F0EF43272327B6F800D2D1F7;
					};
					F0EF43462327B6F900D2D1F7 = {
						CreatedOnToolsVersion = 10.3;
						TestTargetID = F0EF43272327B6F800D2D1F7;
					};
				};
			};
			buildConfigurationList = F0EF43232327B6F800D2D1F7 /* Build configuration list for PBXProject "WheatherAppFactory" */;
			compatibilityVersion = "Xcode 9.3";
			developmentRegion = en;
			hasScannedForEncodings = 0;
			knownRegions = (
				en,
				Base,
			);
			mainGroup = F0EF431F2327B6F800D2D1F7;
			productRefGroup = F0EF43292327B6F800D2D1F7 /* Products */;
			projectDirPath = "";
			projectRoot = "";
			targets = (
				F0EF43272327B6F800D2D1F7 /* WheatherAppFactory */,
				F0EF433B2327B6F900D2D1F7 /* WheatherAppFactoryTests */,
				F0EF43462327B6F900D2D1F7 /* WheatherAppFactoryUITests */,
			);
		};
/* End PBXProject section */

/* Begin PBXResourcesBuildPhase section */
		F0EF43262327B6F800D2D1F7 /* Resources */ = {
			isa = PBXResourcesBuildPhase;
			buildActionMask = 2147483647;
			files = (
				F0EF43362327B6F900D2D1F7 /* LaunchScreen.storyboard in Resources */,
				F0EF43332327B6F900D2D1F7 /* Assets.xcassets in Resources */,
			);
			runOnlyForDeploymentPostprocessing = 0;
		};
		F0EF433A2327B6F900D2D1F7 /* Resources */ = {
			isa = PBXResourcesBuildPhase;
			buildActionMask = 2147483647;
			files = (
			);
			runOnlyForDeploymentPostprocessing = 0;
		};
		F0EF43452327B6F900D2D1F7 /* Resources */ = {
			isa = PBXResourcesBuildPhase;
			buildActionMask = 2147483647;
			files = (
			);
			runOnlyForDeploymentPostprocessing = 0;
		};
/* End PBXResourcesBuildPhase section */

/* Begin PBXShellScriptBuildPhase section */
		414C71EF5EA8DACBFC130150 /* [CP] Check Pods Manifest.lock */ = {
			isa = PBXShellScriptBuildPhase;
			buildActionMask = 2147483647;
			files = (
			);
			inputFileListPaths = (
			);
			inputPaths = (
				"${PODS_PODFILE_DIR_PATH}/Podfile.lock",
				"${PODS_ROOT}/Manifest.lock",
			);
			name = "[CP] Check Pods Manifest.lock";
			outputFileListPaths = (
			);
			outputPaths = (
				"$(DERIVED_FILE_DIR)/Pods-WheatherAppFactory-checkManifestLockResult.txt",
			);
			runOnlyForDeploymentPostprocessing = 0;
			shellPath = /bin/sh;
			shellScript = "diff \"${PODS_PODFILE_DIR_PATH}/Podfile.lock\" \"${PODS_ROOT}/Manifest.lock\" > /dev/null\nif [ $? != 0 ] ; then\n    # print error to STDERR\n    echo \"error: The sandbox is not in sync with the Podfile.lock. Run 'pod install' or update your CocoaPods installation.\" >&2\n    exit 1\nfi\n# This output is used by Xcode 'outputs' to avoid re-running this script phase.\necho \"SUCCESS\" > \"${SCRIPT_OUTPUT_FILE_0}\"\n";
			showEnvVarsInLog = 0;
		};
		91411FEAB6BB52A217EBD607 /* [CP] Embed Pods Frameworks */ = {
			isa = PBXShellScriptBuildPhase;
			buildActionMask = 2147483647;
			files = (
			);
			inputFileListPaths = (
				"${PODS_ROOT}/Target Support Files/Pods-WheatherAppFactory/Pods-WheatherAppFactory-frameworks-${CONFIGURATION}-input-files.xcfilelist",
			);
			name = "[CP] Embed Pods Frameworks";
			outputFileListPaths = (
				"${PODS_ROOT}/Target Support Files/Pods-WheatherAppFactory/Pods-WheatherAppFactory-frameworks-${CONFIGURATION}-output-files.xcfilelist",
			);
			runOnlyForDeploymentPostprocessing = 0;
			shellPath = /bin/sh;
			shellScript = "\"${PODS_ROOT}/Target Support Files/Pods-WheatherAppFactory/Pods-WheatherAppFactory-frameworks.sh\"\n";
			showEnvVarsInLog = 0;
		};
		9E4EFEE6A27BF48BB78FC7E8 /* [CP] Embed Pods Frameworks */ = {
			isa = PBXShellScriptBuildPhase;
			buildActionMask = 2147483647;
			files = (
			);
			inputFileListPaths = (
				"${PODS_ROOT}/Target Support Files/Pods-WheatherAppFactoryTests/Pods-WheatherAppFactoryTests-frameworks-${CONFIGURATION}-input-files.xcfilelist",
			);
			name = "[CP] Embed Pods Frameworks";
			outputFileListPaths = (
				"${PODS_ROOT}/Target Support Files/Pods-WheatherAppFactoryTests/Pods-WheatherAppFactoryTests-frameworks-${CONFIGURATION}-output-files.xcfilelist",
			);
			runOnlyForDeploymentPostprocessing = 0;
			shellPath = /bin/sh;
			shellScript = "\"${PODS_ROOT}/Target Support Files/Pods-WheatherAppFactoryTests/Pods-WheatherAppFactoryTests-frameworks.sh\"\n";
			showEnvVarsInLog = 0;
		};
		B61DFFFBB46CDDE2FD6892DC /* [CP] Check Pods Manifest.lock */ = {
			isa = PBXShellScriptBuildPhase;
			buildActionMask = 2147483647;
			files = (
			);
			inputFileListPaths = (
			);
			inputPaths = (
				"${PODS_PODFILE_DIR_PATH}/Podfile.lock",
				"${PODS_ROOT}/Manifest.lock",
			);
			name = "[CP] Check Pods Manifest.lock";
			outputFileListPaths = (
			);
			outputPaths = (
				"$(DERIVED_FILE_DIR)/Pods-WheatherAppFactoryTests-checkManifestLockResult.txt",
			);
			runOnlyForDeploymentPostprocessing = 0;
			shellPath = /bin/sh;
			shellScript = "diff \"${PODS_PODFILE_DIR_PATH}/Podfile.lock\" \"${PODS_ROOT}/Manifest.lock\" > /dev/null\nif [ $? != 0 ] ; then\n    # print error to STDERR\n    echo \"error: The sandbox is not in sync with the Podfile.lock. Run 'pod install' or update your CocoaPods installation.\" >&2\n    exit 1\nfi\n# This output is used by Xcode 'outputs' to avoid re-running this script phase.\necho \"SUCCESS\" > \"${SCRIPT_OUTPUT_FILE_0}\"\n";
			showEnvVarsInLog = 0;
		};
/* End PBXShellScriptBuildPhase section */

/* Begin PBXSourcesBuildPhase section */
		F0EF43242327B6F800D2D1F7 /* Sources */ = {
			isa = PBXSourcesBuildPhase;
			buildActionMask = 2147483647;
			files = (
				F0B3410E2327B9750083FA5A /* Coordinator.swift in Sources */,
				F0B3410C2327B95C0083FA5A /* AppCoordinator.swift in Sources */,
				F0EF432E2327B6F800D2D1F7 /* ViewController.swift in Sources */,
				F0EF432C2327B6F800D2D1F7 /* AppDelegate.swift in Sources */,
			);
			runOnlyForDeploymentPostprocessing = 0;
		};
		F0EF43382327B6F900D2D1F7 /* Sources */ = {
			isa = PBXSourcesBuildPhase;
			buildActionMask = 2147483647;
			files = (
				F0EF43412327B6F900D2D1F7 /* WheatherAppFactoryTests.swift in Sources */,
			);
			runOnlyForDeploymentPostprocessing = 0;
		};
		F0EF43432327B6F900D2D1F7 /* Sources */ = {
			isa = PBXSourcesBuildPhase;
			buildActionMask = 2147483647;
			files = (
				F0EF434C2327B6F900D2D1F7 /* WheatherAppFactoryUITests.swift in Sources */,
			);
			runOnlyForDeploymentPostprocessing = 0;
		};
/* End PBXSourcesBuildPhase section */

/* Begin PBXTargetDependency section */
		F0EF433E2327B6F900D2D1F7 /* PBXTargetDependency */ = {
			isa = PBXTargetDependency;
			target = F0EF43272327B6F800D2D1F7 /* WheatherAppFactory */;
			targetProxy = F0EF433D2327B6F900D2D1F7 /* PBXContainerItemProxy */;
		};
		F0EF43492327B6F900D2D1F7 /* PBXTargetDependency */ = {
			isa = PBXTargetDependency;
			target = F0EF43272327B6F800D2D1F7 /* WheatherAppFactory */;
			targetProxy = F0EF43482327B6F900D2D1F7 /* PBXContainerItemProxy */;
		};
/* End PBXTargetDependency section */

/* Begin PBXVariantGroup section */
		F0EF43342327B6F900D2D1F7 /* LaunchScreen.storyboard */ = {
			isa = PBXVariantGroup;
			children = (
				F0EF43352327B6F900D2D1F7 /* Base */,
			);
			name = LaunchScreen.storyboard;
			sourceTree = "<group>";
		};
/* End PBXVariantGroup section */

/* Begin XCBuildConfiguration section */
		F0EF434E2327B6F900D2D1F7 /* Debug */ = {
			isa = XCBuildConfiguration;
			buildSettings = {
				ALWAYS_SEARCH_USER_PATHS = NO;
				CLANG_ANALYZER_NONNULL = YES;
				CLANG_ANALYZER_NUMBER_OBJECT_CONVERSION = YES_AGGRESSIVE;
				CLANG_CXX_LANGUAGE_STANDARD = "gnu++14";
				CLANG_CXX_LIBRARY = "libc++";
				CLANG_ENABLE_MODULES = YES;
				CLANG_ENABLE_OBJC_ARC = YES;
				CLANG_ENABLE_OBJC_WEAK = YES;
				CLANG_WARN_BLOCK_CAPTURE_AUTORELEASING = YES;
				CLANG_WARN_BOOL_CONVERSION = YES;
				CLANG_WARN_COMMA = YES;
				CLANG_WARN_CONSTANT_CONVERSION = YES;
				CLANG_WARN_DEPRECATED_OBJC_IMPLEMENTATIONS = YES;
				CLANG_WARN_DIRECT_OBJC_ISA_USAGE = YES_ERROR;
				CLANG_WARN_DOCUMENTATION_COMMENTS = YES;
				CLANG_WARN_EMPTY_BODY = YES;
				CLANG_WARN_ENUM_CONVERSION = YES;
				CLANG_WARN_INFINITE_RECURSION = YES;
				CLANG_WARN_INT_CONVERSION = YES;
				CLANG_WARN_NON_LITERAL_NULL_CONVERSION = YES;
				CLANG_WARN_OBJC_IMPLICIT_RETAIN_SELF = YES;
				CLANG_WARN_OBJC_LITERAL_CONVERSION = YES;
				CLANG_WARN_OBJC_ROOT_CLASS = YES_ERROR;
				CLANG_WARN_RANGE_LOOP_ANALYSIS = YES;
				CLANG_WARN_STRICT_PROTOTYPES = YES;
				CLANG_WARN_SUSPICIOUS_MOVE = YES;
				CLANG_WARN_UNGUARDED_AVAILABILITY = YES_AGGRESSIVE;
				CLANG_WARN_UNREACHABLE_CODE = YES;
				CLANG_WARN__DUPLICATE_METHOD_MATCH = YES;
				CODE_SIGN_IDENTITY = "iPhone Developer";
				COPY_PHASE_STRIP = NO;
				DEBUG_INFORMATION_FORMAT = dwarf;
				ENABLE_STRICT_OBJC_MSGSEND = YES;
				ENABLE_TESTABILITY = YES;
				GCC_C_LANGUAGE_STANDARD = gnu11;
				GCC_DYNAMIC_NO_PIC = NO;
				GCC_NO_COMMON_BLOCKS = YES;
				GCC_OPTIMIZATION_LEVEL = 0;
				GCC_PREPROCESSOR_DEFINITIONS = (
					"DEBUG=1",
					"$(inherited)",
				);
				GCC_WARN_64_TO_32_BIT_CONVERSION = YES;
				GCC_WARN_ABOUT_RETURN_TYPE = YES_ERROR;
				GCC_WARN_UNDECLARED_SELECTOR = YES;
				GCC_WARN_UNINITIALIZED_AUTOS = YES_AGGRESSIVE;
				GCC_WARN_UNUSED_FUNCTION = YES;
				GCC_WARN_UNUSED_VARIABLE = YES;
				IPHONEOS_DEPLOYMENT_TARGET = 12.4;
				MTL_ENABLE_DEBUG_INFO = INCLUDE_SOURCE;
				MTL_FAST_MATH = YES;
				ONLY_ACTIVE_ARCH = YES;
				SDKROOT = iphoneos;
				SWIFT_ACTIVE_COMPILATION_CONDITIONS = DEBUG;
				SWIFT_OPTIMIZATION_LEVEL = "-Onone";
			};
			name = Debug;
		};
		F0EF434F2327B6F900D2D1F7 /* Release */ = {
			isa = XCBuildConfiguration;
			buildSettings = {
				ALWAYS_SEARCH_USER_PATHS = NO;
				CLANG_ANALYZER_NONNULL = YES;
				CLANG_ANALYZER_NUMBER_OBJECT_CONVERSION = YES_AGGRESSIVE;
				CLANG_CXX_LANGUAGE_STANDARD = "gnu++14";
				CLANG_CXX_LIBRARY = "libc++";
				CLANG_ENABLE_MODULES = YES;
				CLANG_ENABLE_OBJC_ARC = YES;
				CLANG_ENABLE_OBJC_WEAK = YES;
				CLANG_WARN_BLOCK_CAPTURE_AUTORELEASING = YES;
				CLANG_WARN_BOOL_CONVERSION = YES;
				CLANG_WARN_COMMA = YES;
				CLANG_WARN_CONSTANT_CONVERSION = YES;
				CLANG_WARN_DEPRECATED_OBJC_IMPLEMENTATIONS = YES;
				CLANG_WARN_DIRECT_OBJC_ISA_USAGE = YES_ERROR;
				CLANG_WARN_DOCUMENTATION_COMMENTS = YES;
				CLANG_WARN_EMPTY_BODY = YES;
				CLANG_WARN_ENUM_CONVERSION = YES;
				CLANG_WARN_INFINITE_RECURSION = YES;
				CLANG_WARN_INT_CONVERSION = YES;
				CLANG_WARN_NON_LITERAL_NULL_CONVERSION = YES;
				CLANG_WARN_OBJC_IMPLICIT_RETAIN_SELF = YES;
				CLANG_WARN_OBJC_LITERAL_CONVERSION = YES;
				CLANG_WARN_OBJC_ROOT_CLASS = YES_ERROR;
				CLANG_WARN_RANGE_LOOP_ANALYSIS = YES;
				CLANG_WARN_STRICT_PROTOTYPES = YES;
				CLANG_WARN_SUSPICIOUS_MOVE = YES;
				CLANG_WARN_UNGUARDED_AVAILABILITY = YES_AGGRESSIVE;
				CLANG_WARN_UNREACHABLE_CODE = YES;
				CLANG_WARN__DUPLICATE_METHOD_MATCH = YES;
				CODE_SIGN_IDENTITY = "iPhone Developer";
				COPY_PHASE_STRIP = NO;
				DEBUG_INFORMATION_FORMAT = "dwarf-with-dsym";
				ENABLE_NS_ASSERTIONS = NO;
				ENABLE_STRICT_OBJC_MSGSEND = YES;
				GCC_C_LANGUAGE_STANDARD = gnu11;
				GCC_NO_COMMON_BLOCKS = YES;
				GCC_WARN_64_TO_32_BIT_CONVERSION = YES;
				GCC_WARN_ABOUT_RETURN_TYPE = YES_ERROR;
				GCC_WARN_UNDECLARED_SELECTOR = YES;
				GCC_WARN_UNINITIALIZED_AUTOS = YES_AGGRESSIVE;
				GCC_WARN_UNUSED_FUNCTION = YES;
				GCC_WARN_UNUSED_VARIABLE = YES;
				IPHONEOS_DEPLOYMENT_TARGET = 12.4;
				MTL_ENABLE_DEBUG_INFO = NO;
				MTL_FAST_MATH = YES;
				SDKROOT = iphoneos;
				SWIFT_COMPILATION_MODE = wholemodule;
				SWIFT_OPTIMIZATION_LEVEL = "-O";
				VALIDATE_PRODUCT = YES;
			};
			name = Release;
		};
		F0EF43512327B6F900D2D1F7 /* Debug */ = {
			isa = XCBuildConfiguration;
			baseConfigurationReference = 50E2D66C2814E5AB66B93023 /* Pods-WheatherAppFactory.debug.xcconfig */;
			buildSettings = {
				ASSETCATALOG_COMPILER_APPICON_NAME = AppIcon;
				CODE_SIGN_STYLE = Automatic;
				DEVELOPMENT_TEAM = SH9PFY4YLC;
				INFOPLIST_FILE = WheatherAppFactory/Info.plist;
				LD_RUNPATH_SEARCH_PATHS = (
					"$(inherited)",
					"@executable_path/Frameworks",
				);
				PRODUCT_BUNDLE_IDENTIFIER = com.example.WheatherAppFactory;
				PRODUCT_NAME = "$(TARGET_NAME)";
				SWIFT_VERSION = 5.0;
				TARGETED_DEVICE_FAMILY = "1,2";
			};
			name = Debug;
		};
		F0EF43522327B6F900D2D1F7 /* Release */ = {
			isa = XCBuildConfiguration;
			baseConfigurationReference = 26D825920250E744A11D78D3 /* Pods-WheatherAppFactory.release.xcconfig */;
			buildSettings = {
				ASSETCATALOG_COMPILER_APPICON_NAME = AppIcon;
				CODE_SIGN_STYLE = Automatic;
				DEVELOPMENT_TEAM = SH9PFY4YLC;
				INFOPLIST_FILE = WheatherAppFactory/Info.plist;
				LD_RUNPATH_SEARCH_PATHS = (
					"$(inherited)",
					"@executable_path/Frameworks",
				);
				PRODUCT_BUNDLE_IDENTIFIER = com.example.WheatherAppFactory;
				PRODUCT_NAME = "$(TARGET_NAME)";
				SWIFT_VERSION = 5.0;
				TARGETED_DEVICE_FAMILY = "1,2";
			};
			name = Release;
		};
		F0EF43542327B6F900D2D1F7 /* Debug */ = {
			isa = XCBuildConfiguration;
			baseConfigurationReference = 37A29F485F3EC80706E909AD /* Pods-WheatherAppFactoryTests.debug.xcconfig */;
			buildSettings = {
				ALWAYS_EMBED_SWIFT_STANDARD_LIBRARIES = YES;
				BUNDLE_LOADER = "$(TEST_HOST)";
				CODE_SIGN_STYLE = Automatic;
				DEVELOPMENT_TEAM = SH9PFY4YLC;
				INFOPLIST_FILE = WheatherAppFactoryTests/Info.plist;
				LD_RUNPATH_SEARCH_PATHS = (
					"$(inherited)",
					"@executable_path/Frameworks",
					"@loader_path/Frameworks",
				);
				PRODUCT_BUNDLE_IDENTIFIER = com.example.WheatherAppFactoryTests;
				PRODUCT_NAME = "$(TARGET_NAME)";
				SWIFT_VERSION = 5.0;
				TARGETED_DEVICE_FAMILY = "1,2";
				TEST_HOST = "$(BUILT_PRODUCTS_DIR)/WheatherAppFactory.app/WheatherAppFactory";
			};
			name = Debug;
		};
		F0EF43552327B6F900D2D1F7 /* Release */ = {
			isa = XCBuildConfiguration;
			baseConfigurationReference = 3D2ECB94DBE0166A32C5BCCB /* Pods-WheatherAppFactoryTests.release.xcconfig */;
			buildSettings = {
				ALWAYS_EMBED_SWIFT_STANDARD_LIBRARIES = YES;
				BUNDLE_LOADER = "$(TEST_HOST)";
				CODE_SIGN_STYLE = Automatic;
				DEVELOPMENT_TEAM = SH9PFY4YLC;
				INFOPLIST_FILE = WheatherAppFactoryTests/Info.plist;
				LD_RUNPATH_SEARCH_PATHS = (
					"$(inherited)",
					"@executable_path/Frameworks",
					"@loader_path/Frameworks",
				);
				PRODUCT_BUNDLE_IDENTIFIER = com.example.WheatherAppFactoryTests;
				PRODUCT_NAME = "$(TARGET_NAME)";
				SWIFT_VERSION = 5.0;
				TARGETED_DEVICE_FAMILY = "1,2";
				TEST_HOST = "$(BUILT_PRODUCTS_DIR)/WheatherAppFactory.app/WheatherAppFactory";
			};
			name = Release;
		};
		F0EF43572327B6F900D2D1F7 /* Debug */ = {
			isa = XCBuildConfiguration;
			buildSettings = {
				ALWAYS_EMBED_SWIFT_STANDARD_LIBRARIES = YES;
				CODE_SIGN_STYLE = Automatic;
				DEVELOPMENT_TEAM = SH9PFY4YLC;
				INFOPLIST_FILE = WheatherAppFactoryUITests/Info.plist;
				LD_RUNPATH_SEARCH_PATHS = (
					"$(inherited)",
					"@executable_path/Frameworks",
					"@loader_path/Frameworks",
				);
				PRODUCT_BUNDLE_IDENTIFIER = com.example.WheatherAppFactoryUITests;
				PRODUCT_NAME = "$(TARGET_NAME)";
				SWIFT_VERSION = 5.0;
				TARGETED_DEVICE_FAMILY = "1,2";
				TEST_TARGET_NAME = WheatherAppFactory;
			};
			name = Debug;
		};
		F0EF43582327B6F900D2D1F7 /* Release */ = {
			isa = XCBuildConfiguration;
			buildSettings = {
				ALWAYS_EMBED_SWIFT_STANDARD_LIBRARIES = YES;
				CODE_SIGN_STYLE = Automatic;
				DEVELOPMENT_TEAM = SH9PFY4YLC;
				INFOPLIST_FILE = WheatherAppFactoryUITests/Info.plist;
				LD_RUNPATH_SEARCH_PATHS = (
					"$(inherited)",
					"@executable_path/Frameworks",
					"@loader_path/Frameworks",
				);
				PRODUCT_BUNDLE_IDENTIFIER = com.example.WheatherAppFactoryUITests;
				PRODUCT_NAME = "$(TARGET_NAME)";
				SWIFT_VERSION = 5.0;
				TARGETED_DEVICE_FAMILY = "1,2";
				TEST_TARGET_NAME = WheatherAppFactory;
			};
			name = Release;
		};
/* End XCBuildConfiguration section */

/* Begin XCConfigurationList section */
		F0EF43232327B6F800D2D1F7 /* Build configuration list for PBXProject "WheatherAppFactory" */ = {
			isa = XCConfigurationList;
			buildConfigurations = (
				F0EF434E2327B6F900D2D1F7 /* Debug */,
				F0EF434F2327B6F900D2D1F7 /* Release */,
			);
			defaultConfigurationIsVisible = 0;
			defaultConfigurationName = Release;
		};
		F0EF43502327B6F900D2D1F7 /* Build configuration list for PBXNativeTarget "WheatherAppFactory" */ = {
			isa = XCConfigurationList;
			buildConfigurations = (
				F0EF43512327B6F900D2D1F7 /* Debug */,
				F0EF43522327B6F900D2D1F7 /* Release */,
			);
			defaultConfigurationIsVisible = 0;
			defaultConfigurationName = Release;
		};
		F0EF43532327B6F900D2D1F7 /* Build configuration list for PBXNativeTarget "WheatherAppFactoryTests" */ = {
			isa = XCConfigurationList;
			buildConfigurations = (
				F0EF43542327B6F900D2D1F7 /* Debug */,
				F0EF43552327B6F900D2D1F7 /* Release */,
			);
			defaultConfigurationIsVisible = 0;
			defaultConfigurationName = Release;
		};
		F0EF43562327B6F900D2D1F7 /* Build configuration list for PBXNativeTarget "WheatherAppFactoryUITests" */ = {
			isa = XCConfigurationList;
			buildConfigurations = (
				F0EF43572327B6F900D2D1F7 /* Debug */,
				F0EF43582327B6F900D2D1F7 /* Release */,
			);
			defaultConfigurationIsVisible = 0;
			defaultConfigurationName = Release;
		};
/* End XCConfigurationList section */
	};
	rootObject = F0EF43202327B6F800D2D1F7 /* Project object */;
}
